#MicroXplorer Configuration settings - do not modify
Mcu.Family=STM32L1
ProjectManager.MainLocation=Src
PH0-OSC_IN.Locked=true
PB13.GPIOParameters=GPIO_Label
VP_TIM10_VS_ClockSourceINT.Signal=TIM10_VS_ClockSourceINT
SH.S_TIM4_CH2.ConfNb=1
PH0-OSC_IN.Signal=RCC_OSC_IN
ProjectManager.KeepUserCode=true
PB10.GPIO_Speed=GPIO_SPEED_FREQ_MEDIUM
Mcu.UserName=STM32L151C6Tx
SPI2.VirtualType=VM_MASTER
ADC.Rank-0\#ChannelRegularConversion=1
RCC.PLLCLKFreq_Value=24000000
PB14.GPIO_Label=BRIGHT_IN
PA14.GPIO_Label=SWCLK
PA12.GPIOParameters=GPIO_Label
ProjectManager.functionlistsort=1-MX_GPIO_Init-GPIO-false-HAL-true,2-SystemClock_Config-RCC-false-HAL-true,3-MX_I2C1_Init-I2C1-false-HAL-true,4-MX_RTC_Init-RTC-false-HAL-true,5-MX_TIM2_Init-TIM2-false-HAL-true,6-MX_TIM3_Init-TIM3-false-HAL-true,7-MX_TIM4_Init-TIM4-false-HAL-true,8-MX_TIM9_Init-TIM9-false-HAL-true,9-MX_TIM10_Init-TIM10-false-HAL-true,10-MX_ADC_Init-ADC-false-HAL-true,11-MX_SPI2_Init-SPI2-false-HAL-true,12-MX_USART1_UART_Init-USART1-false-HAL-true
PA9.GPIOParameters=GPIO_Label
PA11.GPIOParameters=GPIO_Label
VP_RTC_VS_RTC_Activate.Mode=RTC_Enabled
RCC.RTCFreq_Value=32768
PA3.GPIOParameters=GPIO_Label
PA6.GPIO_Label=STATUS_LED_R_PWM
PB0.GPIO_Label=STATUS_LED_B_PWM
PB6.GPIO_Label=ENC_B
SH.S_TIM10_CH1.ConfNb=1
NVIC.SVC_IRQn=true\:0\:0\:false\:false\:true\:false\:false
TIM2.Channel-PWM\ Generation2\ CH2=TIM_CHANNEL_2
USART1.IPParameters=VirtualMode
PB13.GPIO_Label=LCD_SCK
PB11.Signal=S_TIM2_CH4
PB13.Signal=SPI2_SCK
PB15.Signal=SPI2_MOSI
PA2.GPIOParameters=GPIO_Label
PinOutPanel.RotationAngle=-90
TIM3.Channel-PWM\ Generation4\ CH4=TIM_CHANNEL_4
PA0-WKUP1.GPIOParameters=GPIO_Label
ProjectManager.StackSize=0x400
PB5.GPIOParameters=GPIO_Label
SH.GPXTI13.0=GPIO_EXTI13
PB11.GPIO_Speed=GPIO_SPEED_FREQ_MEDIUM
PC13-WKUP2.GPIO_PuPd=GPIO_NOPULL
Mcu.IP4=RTC
Mcu.IP5=SPI2
Mcu.IP2=NVIC
Mcu.IP3=RCC
PA15.GPIO_Label=Bright Low
PB4.GPIOParameters=GPIO_Label
Mcu.IP0=ADC
PA12.Locked=true
Mcu.IP1=I2C1
PA12.Signal=GPIO_Output
Mcu.UserConstants=
PA4.Mode=IN4
SH.S_TIM3_CH2.ConfNb=1
SH.GPXTI13.ConfNb=1
Mcu.ThirdPartyNb=0
Mcu.IPNb=13
TIM2.IPParameters=Channel-PWM Generation1 CH1,Channel-PWM Generation2 CH2,Channel-PWM Generation3 CH3,Channel-PWM Generation4 CH4
ProjectManager.PreviousToolchain=STM32CubeIDE
PC13-WKUP2.GPIO_Label=ACCInt2
PB6.Signal=S_TIM4_CH1
VP_TIM10_VS_ClockSourceINT.Mode=Internal
PA8.GPIOParameters=GPIO_Speed,PinState,GPIO_Label
Mcu.Pin6=PA1
Mcu.Pin7=PA2
VP_TIM2_VS_ClockSourceINT.Signal=TIM2_VS_ClockSourceINT
Mcu.Pin8=PA3
Mcu.Pin9=PA4
RCC.AHBFreq_Value=2097000
PH0-OSC_IN.Mode=HSE-External-Oscillator
PB13.Locked=true
Mcu.Pin0=PC13-WKUP2
Mcu.Pin1=PC14-OSC32_IN
TIM3.Channel-PWM\ Generation1\ CH1=TIM_CHANNEL_1
Mcu.Pin2=PC15-OSC32_OUT
Mcu.Pin3=PH0-OSC_IN
Mcu.Pin4=PH1-OSC_OUT
Mcu.Pin5=PA0-WKUP1
ProjectManager.ProjectBuild=false
RCC.HSE_VALUE=24000000
PC13-WKUP2.Signal=GPXTI13
NVIC.UsageFault_IRQn=true\:0\:0\:false\:false\:true\:false\:false
NVIC.DebugMonitor_IRQn=true\:0\:0\:false\:false\:true\:false\:false
PB2.Signal=GPIO_Output
PA8.Locked=true
PA4.Locked=true
Mcu.IP10=TIM9
TIM10.Channel=TIM_CHANNEL_1
NVIC.SysTick_IRQn=true\:0\:0\:false\:false\:true\:false\:true
RCC.RTCClockSelection=RCC_RTCCLKSOURCE_LSE
Mcu.IP12=USART1
Mcu.IP11=TIM10
PC13-WKUP2.GPIOParameters=GPIO_PuPd,GPIO_Label,GPIO_ModeDefaultEXTI
PB12.GPIO_Label=IR_OUT
ProjectManager.FirmwarePackage=STM32Cube FW_L1 V1.10.2
MxDb.Version=DB.6.0.20
PB0.GPIOParameters=GPIO_Label
PA6.GPIO_PuPd=GPIO_NOPULL
PA1.GPIOParameters=GPIO_Speed,GPIO_Label
ProjectManager.BackupPrevious=false
PC14-OSC32_IN.Mode=LSE-External-Oscillator
RCC.RTCClockSelectionVirtual=RCC_RTCCLKSOURCE_LSE
PA14.Mode=Serial_Wire
PB14.Mode=IN20
PB1.GPIO_Label=LCD_BACKLIGHT_PWM
File.Version=6
PA10.GPIO_Label=J_LinkTX
SPI2.CalculateBaudRate=1.0485 MBits/s
PH1-OSC_OUT.Locked=true
PB3.GPIOParameters=GPIO_Label
SH.S_TIM4_CH2.0=TIM4_CH2,Encoder_Interface
PB7.Signal=S_TIM4_CH2
PA8.Signal=GPIO_Output
PB8.Locked=true
TIM2.Channel-PWM\ Generation1\ CH1=TIM_CHANNEL_1
PB6.Locked=true
NVIC.PendSV_IRQn=true\:0\:0\:false\:false\:true\:false\:false
SH.S_TIM3_CH1.0=TIM3_CH1,PWM Generation1 CH1
PB6.GPIOParameters=GPIO_PuPd,GPIO_Label
ProjectManager.HalAssertFull=false
PB0.Locked=true
ProjectManager.ProjectName=Lichtobjekt
PA13.GPIOParameters=GPIO_Label
PH1-OSC_OUT.Mode=HSE-External-Oscillator
PB7.GPIO_Label=ENC_A
Mcu.Package=LQFP48
PB9.Signal=I2C1_SDA
PB1.Signal=S_TIM3_CH4
PA6.Signal=S_TIM3_CH1
PA7.Locked=true
PA5.Locked=true
SPI2.Mode=SPI_MODE_MASTER
SH.S_TIM10_CH1.0=TIM10_CH1,PWM Generation1 CH1
PA14.Locked=true
ProjectManager.ToolChainLocation=
PA2.GPIO_Label=IR_IN
RCC.LSI_VALUE=37000
VP_SYS_VS_Systick.Signal=SYS_VS_Systick
SH.GPXTI5.ConfNb=1
PA10.Signal=USART1_RX
ADC.Channel-0\#ChannelRegularConversion=ADC_CHANNEL_TEMPSENSOR
PA15.Signal=GPIO_Output
PA5.GPIOParameters=GPIO_Speed,GPIO_Label
PB14.GPIOParameters=GPIO_Label
PB5.GPIO_Label=ACCInt1
SH.S_TIM4_CH1.0=TIM4_CH1,Encoder_Interface
NVIC.BusFault_IRQn=true\:0\:0\:false\:false\:true\:false\:false
SPI2.Direction=SPI_DIRECTION_1LINE
PB10.GPIOParameters=GPIO_Speed,GPIO_Label
PB13.Mode=Simplex_Bidirectional_Master
SH.S_TIM2_CH4.ConfNb=1
TIM10.IPParameters=Channel
PA4.GPIO_Label=U Pwr
PA8.GPIO_Speed=GPIO_SPEED_FREQ_LOW
ProjectManager.CustomerFirmwarePackage=
VP_TIM3_VS_ClockSourceINT.Mode=Internal
PC14-OSC32_IN.Locked=true
PA8.PinState=GPIO_PIN_RESET
PB15.Locked=true
PB3.Locked=true
PB4.Signal=GPIO_Output
PA3.Signal=ADC_IN3
RCC.TIMFreq_Value=2097000
PA2.Locked=true
PB3.GPIO_Label=Bright High
VP_RTC_VS_RTC_Activate.Signal=RTC_VS_RTC_Activate
PA6.GPIOParameters=GPIO_PuPd,GPIO_Label
RCC.MSI_VALUE=2097000
PB7.GPIO_PuPd=GPIO_PULLUP
PC15-OSC32_OUT.Mode=LSE-External-Oscillator
SH.S_TIM4_CH1.ConfNb=1
SH.GPXTI5.0=GPIO_EXTI5
ProjectManager.ProjectFileName=Lichtobjekt.ioc
TIM2.Channel-PWM\ Generation4\ CH4=TIM_CHANNEL_4
PC13-WKUP2.GPIO_ModeDefaultEXTI=GPIO_MODE_IT_RISING
PA10.Mode=Asynchronous
PA15.GPIOParameters=GPIO_Label
Mcu.PinsNb=44
ProjectManager.NoMain=false
VP_ADC_TempSens_Input.Mode=IN-TempSens
PA9.GPIO_Label=J-LinkRX
PB6.GPIO_PuPd=GPIO_PULLUP
PA0-WKUP1.Locked=true
PB11.GPIO_Label=LED_4_PWM
PA11.GPIO_Label=LCD_CS
ProjectManager.DefaultFWLocation=true
ADC.IPParameters=Rank-0\#ChannelRegularConversion,Channel-0\#ChannelRegularConversion,SamplingTime-0\#ChannelRegularConversion,NbrOfConversionFlag
PB12.Locked=true
ProjectManager.DeletePrevious=true
PB14.Locked=true
PB10.Locked=true
PC14-OSC32_IN.Signal=RCC_OSC32_IN
SH.S_TIM3_CH3.0=TIM3_CH3,PWM Generation3 CH3
SH.S_TIM2_CH1_ETR.ConfNb=1
PA12.GPIO_Label=LCD_A0
RCC.FamilyName=M
VP_TIM9_VS_ClockSourceINT.Signal=TIM9_VS_ClockSourceINT
PA3.Mode=IN3
PA13.Signal=SYS_JTMS-SWDIO
TIM3.Channel-PWM\ Generation3\ CH3=TIM_CHANNEL_3
SH.S_TIM2_CH2.0=TIM2_CH2,PWM Generation2 CH2
PA11.Locked=true
PA9.Mode=Asynchronous
PA15.Locked=true
PA8.GPIO_Label=LCD_RST
PC15-OSC32_OUT.Locked=true
ProjectManager.TargetToolchain=STM32CubeIDE
PB10.GPIO_Label=LED_3_PWM
SH.S_TIM3_CH3.ConfNb=1
PB7.GPIOParameters=GPIO_PuPd,GPIO_Label
PB9.Mode=I2C
PB2.GPIOParameters=GPIO_Label
PA9.Signal=USART1_TX
PA0-WKUP1.Signal=SYS_WKUP1
SH.S_TIM2_CH2.ConfNb=1
PB11.GPIOParameters=GPIO_Speed,GPIO_Label
PB5.Locked=true
PB9.Locked=true
SPI2.IPParameters=VirtualType,Mode,Direction,CalculateBaudRate
ADC.NbrOfConversionFlag=1
ProjectManager.RegisterCallBack=
VP_TIM3_VS_ClockSourceINT.Signal=TIM3_VS_ClockSourceINT
PC15-OSC32_OUT.Signal=RCC_OSC32_OUT
PA1.Signal=S_TIM2_CH2
PA7.GPIO_PuPd=GPIO_NOPULL
PB12.GPIO_Speed=GPIO_SPEED_FREQ_HIGH
PB1.Locked=true
PB10.Signal=S_TIM2_CH3
PB14.Signal=ADC_IN20
PA5.Signal=S_TIM2_CH1_ETR
Mcu.Pin40=VP_TIM2_VS_ClockSourceINT
SH.S_TIM3_CH2.0=TIM3_CH2,PWM Generation2 CH2
Mcu.Pin41=VP_TIM3_VS_ClockSourceINT
Mcu.Pin42=VP_TIM9_VS_ClockSourceINT
board=Lichtobjekt
Mcu.Pin43=VP_TIM10_VS_ClockSourceINT
RCC.VCOOutputFreq_Value=48000000
ProjectManager.LastFirmware=true
PB15.Mode=Simplex_Bidirectional_Master
VP_TIM9_VS_ClockSourceINT.Mode=Internal
RCC.APB2Freq_Value=2097000
MxCube.Version=6.2.0
PB4.GPIO_Label=Charging Status
Mcu.Pin37=VP_ADC_TempSens_Input
Mcu.Pin38=VP_RTC_VS_RTC_Activate
PB15.GPIO_Label=LCD_MOSI
Mcu.Pin35=PB8
VP_TIM2_VS_ClockSourceINT.Mode=Internal
SH.S_TIM2_CH3.0=TIM2_CH3,PWM Generation3 CH3
Mcu.Pin36=PB9
Mcu.Pin39=VP_SYS_VS_Systick
PA1.GPIO_Speed=GPIO_SPEED_FREQ_MEDIUM
Mcu.Pin30=PB3
PA1.GPIO_Label=LED_2_PWM
PA10.GPIOParameters=GPIO_Label
VP_SYS_VS_Systick.Mode=SysTick
SH.S_TIM9_CH1.0=TIM9_CH1,PWM_Input_1
TIM2.Channel-PWM\ Generation3\ CH3=TIM_CHANNEL_3
Mcu.Pin33=PB6
TIM3.IPParameters=Channel-PWM Generation1 CH1,Channel-PWM Generation2 CH2,Channel-PWM Generation3 CH3,Channel-PWM Generation4 CH4
PH1-OSC_OUT.Signal=RCC_OSC_OUT
Mcu.Pin34=PB7
Mcu.Pin31=PB4
Mcu.Pin32=PB5
PA9.Locked=true
NVIC.NonMaskableInt_IRQn=true\:0\:0\:false\:false\:true\:false\:false
PA4.GPIOParameters=GPIO_Label
SH.S_TIM2_CH3.ConfNb=1
PA0-WKUP1.Mode=SYS_WakeUp0
SH.S_TIM9_CH1.ConfNb=1
PB15.GPIOParameters=GPIO_Label
PA13.Mode=Serial_Wire
ProjectManager.FreePins=false
RCC.IPParameters=AHBFreq_Value,APB1Freq_Value,APB2Freq_Value,FamilyName,HSE_VALUE,HSI_VALUE,LSI_VALUE,MSI_VALUE,PLLCLKFreq_Value,RTCClockSelection,RTCClockSelectionVirtual,RTCFreq_Value,RTCHSEDivFreq_Value,SYSCLKFreq_VALUE,TIMFreq_Value,VCOOutputFreq_Value
ProjectManager.AskForMigrate=true
Mcu.Name=STM32L151C(6-8-B)Tx
Mcu.Pin26=PA12
Mcu.Pin27=PA13
RCC.RTCHSEDivFreq_Value=12000000
PA2.Signal=S_TIM9_CH1
Mcu.Pin24=PA10
PA13.GPIO_Label=SWDIO
ProjectManager.UnderRoot=true
Mcu.Pin25=PA11
PB2.Locked=true
Mcu.IP8=TIM3
Mcu.IP9=TIM4
Mcu.Pin28=PA14
Mcu.IP6=SYS
Mcu.Pin29=PA15
Mcu.IP7=TIM2
ProjectManager.CoupleFile=false
PB4.Locked=true
PB3.Signal=GPIO_Output
PA4.Signal=ADC_IN4
RCC.SYSCLKFreq_VALUE=2097000
Mcu.Pin22=PA8
PB5.Signal=GPXTI5
Mcu.Pin23=PA9
PA1.Locked=true
PA7.GPIO_Label=STATUS_LED_G_PWM
Mcu.Pin20=PB14
PA3.Locked=true
Mcu.Pin21=PB15
VP_ADC_TempSens_Input.Signal=ADC_TempSens_Input
PA5.GPIO_Label=LED_1_PWM
PA10.Locked=true
NVIC.ForceEnableDMAVector=true
KeepUserPlacement=false
PA14.GPIOParameters=GPIO_Label
NVIC.MemoryManagement_IRQn=true\:0\:0\:false\:false\:true\:false\:false
PA13.Locked=true
USART1.VirtualMode=VM_ASYNC
ProjectManager.CompilerOptimize=2
PA11.Signal=GPIO_Output
SH.S_TIM2_CH1_ETR.0=TIM2_CH1,PWM Generation1 CH1
PA14.Signal=SYS_JTCK-SWCLK
PB2.GPIO_Label=PERIP_PWR
PA0-WKUP1.GPIO_Label=ENC_SW
ProjectManager.HeapSize=0x200
Mcu.Pin15=PB2
NVIC.HardFault_IRQn=true\:0\:0\:false\:false\:true\:false\:false
Mcu.Pin16=PB10
Mcu.Pin13=PB0
SH.S_TIM2_CH4.0=TIM2_CH4,PWM Generation4 CH4
Mcu.Pin14=PB1
Mcu.Pin19=PB13
SH.S_TIM3_CH1.ConfNb=1
ProjectManager.ComputerToolchain=false
Mcu.Pin17=PB11
RCC.HSI_VALUE=16000000
Mcu.Pin18=PB12
PA5.GPIO_Speed=GPIO_SPEED_FREQ_MEDIUM
SH.S_TIM3_CH4.ConfNb=1
NVIC.PriorityGroup=NVIC_PRIORITYGROUP_4
Mcu.Pin11=PA6
TIM3.Channel-PWM\ Generation2\ CH2=TIM_CHANNEL_2
Mcu.Pin12=PA7
PB8.Mode=I2C
Mcu.Pin10=PA5
PB7.Locked=true
PB8.Signal=I2C1_SCL
ADC.SamplingTime-0\#ChannelRegularConversion=ADC_SAMPLETIME_4CYCLES
PB12.GPIO_PuPd=GPIO_PULLDOWN
RCC.APB1Freq_Value=2097000
PB0.Signal=S_TIM3_CH3
PA7.GPIOParameters=GPIO_PuPd,GPIO_Label
PB11.Locked=true
ProjectManager.DeviceId=STM32L151C6Tx
PB12.GPIOParameters=GPIO_Speed,GPIO_PuPd,GPIO_Label
PB12.Signal=S_TIM10_CH1
ProjectManager.LibraryCopy=1
PA3.GPIO_Label=U Bat
SH.S_TIM3_CH4.0=TIM3_CH4,PWM Generation4 CH4
PB1.GPIOParameters=GPIO_Label
PA7.Signal=S_TIM3_CH2
PA6.Locked=true
isbadioc=false
